{
  "nodes": {
    "flake-parts": {
      "inputs": {
        "nixpkgs-lib": "nixpkgs-lib"
      },
      "locked": {
        "lastModified": 1727826117,
        "narHash": "sha256-K5ZLCyfO/Zj9mPFldf3iwS6oZStJcU4tSpiXTMYaaL0=",
        "owner": "hercules-ci",
        "repo": "flake-parts",
        "rev": "3d04084d54bedc3d6b8b736c70ef449225c361b1",
        "type": "github"
      },
      "original": {
        "owner": "hercules-ci",
        "repo": "flake-parts",
        "type": "github"
      }
    },
    "flake-parts_2": {
      "inputs": {
        "nixpkgs-lib": "nixpkgs-lib_2"
      },
      "locked": {
        "lastModified": 1727826117,
        "narHash": "sha256-K5ZLCyfO/Zj9mPFldf3iwS6oZStJcU4tSpiXTMYaaL0=",
        "owner": "hercules-ci",
        "repo": "flake-parts",
        "rev": "3d04084d54bedc3d6b8b736c70ef449225c361b1",
        "type": "github"
      },
      "original": {
        "owner": "hercules-ci",
        "repo": "flake-parts",
        "type": "github"
      }
    },
    "flake-utils": {
      "inputs": {
        "systems": "systems"
      },
      "locked": {
        "lastModified": 1726560853,
        "narHash": "sha256-X6rJYSESBVr3hBoH0WbKE5KvhPU5bloyZ2L4K60/fPQ=",
        "owner": "numtide",
        "repo": "flake-utils",
        "rev": "c1dfcf08411b08f6b8615f7d8971a2bfa81d5e8a",
        "type": "github"
      },
      "original": {
        "owner": "numtide",
        "repo": "flake-utils",
        "type": "github"
      }
    },
    "flake-utils_2": {
      "inputs": {
        "systems": "systems_2"
      },
      "locked": {
        "lastModified": 1685518550,
        "narHash": "sha256-o2d0KcvaXzTrPRIo0kOLV0/QXHhDQ5DTi+OxcjO8xqY=",
        "owner": "numtide",
        "repo": "flake-utils",
        "rev": "a1720a10a6cfe8234c0e93907ffe81be440f4cef",
        "type": "github"
      },
      "original": {
        "owner": "numtide",
        "repo": "flake-utils",
        "type": "github"
      }
    },
    "flake-utils_3": {
      "inputs": {
        "systems": "systems_4"
      },
      "locked": {
        "lastModified": 1726560853,
        "narHash": "sha256-X6rJYSESBVr3hBoH0WbKE5KvhPU5bloyZ2L4K60/fPQ=",
        "owner": "numtide",
        "repo": "flake-utils",
        "rev": "c1dfcf08411b08f6b8615f7d8971a2bfa81d5e8a",
        "type": "github"
      },
      "original": {
        "owner": "numtide",
        "repo": "flake-utils",
        "type": "github"
      }
    },
    "myhello": {
      "inputs": {
        "flake-utils": "flake-utils_2",
        "nixpkgs": "nixpkgs"
      },
      "locked": {
        "lastModified": 1,
        "narHash": "sha256-AOr/y/8QkwA2Lm8mPhxXRuPZhGEfja4h4o4XzK371fE=",
<<<<<<< HEAD
<<<<<<< HEAD
<<<<<<< HEAD
<<<<<<< HEAD
        "path": "/nix/store/7sr5p53qinawxadzmn1z68rgjshqb77j-source/flakes/hello-flake",
        "type": "path"
      },
      "original": {
        "path": "/nix/store/7sr5p53qinawxadzmn1z68rgjshqb77j-source/flakes/hello-flake",
=======
        "path": "/nix/store/gpdm25hn7b0fswq0j850sia9v79xa2ir-source/flakes/hello-flake",
        "type": "path"
      },
      "original": {
        "path": "/nix/store/gpdm25hn7b0fswq0j850sia9v79xa2ir-source/flakes/hello-flake",
>>>>>>> 2d9bc40 (lock update)
=======
        "path": "/nix/store/wnszh4gwmxcwi39fffj769jqwc9a77f1-source/flakes/hello-flake",
        "type": "path"
      },
      "original": {
        "path": "/nix/store/wnszh4gwmxcwi39fffj769jqwc9a77f1-source/flakes/hello-flake",
>>>>>>> 5cf3b02 (add devshell)
=======
        "path": "/nix/store/bylgr9sl769gkyfil3490kpg53fwn621-source/flakes/hello-flake",
        "type": "path"
      },
      "original": {
        "path": "/nix/store/bylgr9sl769gkyfil3490kpg53fwn621-source/flakes/hello-flake",
>>>>>>> 00195f5 (use localtunnel)
=======
        "path": "/nix/store/yaw9w6mv3v7q3fbc5dhp35c82h1vyc8c-source/flakes/hello-flake",
        "type": "path"
      },
      "original": {
        "path": "/nix/store/yaw9w6mv3v7q3fbc5dhp35c82h1vyc8c-source/flakes/hello-flake",
>>>>>>> 4e9b948 (add port & subdomain as args)
        "type": "path"
      }
    },
    "nixpkgs": {
      "locked": {
        "lastModified": 1686413216,
        "narHash": "sha256-wcUSoC/t58y3Hi7H9CulNYfV6/9edWE0+AIg9P6hO1c=",
        "owner": "nixos",
        "repo": "nixpkgs",
        "rev": "1293e017608d1650977dfd7cd64a522585099e59",
        "type": "github"
      },
      "original": {
        "owner": "nixos",
        "repo": "nixpkgs",
        "type": "github"
      }
    },
    "nixpkgs-lib": {
      "locked": {
        "lastModified": 1727825735,
        "narHash": "sha256-0xHYkMkeLVQAMa7gvkddbPqpxph+hDzdu1XdGPJR+Os=",
        "type": "tarball",
        "url": "https://github.com/NixOS/nixpkgs/archive/fb192fec7cc7a4c26d51779e9bab07ce6fa5597a.tar.gz"
      },
      "original": {
        "type": "tarball",
        "url": "https://github.com/NixOS/nixpkgs/archive/fb192fec7cc7a4c26d51779e9bab07ce6fa5597a.tar.gz"
      }
    },
    "nixpkgs-lib_2": {
      "locked": {
        "lastModified": 1727825735,
        "narHash": "sha256-0xHYkMkeLVQAMa7gvkddbPqpxph+hDzdu1XdGPJR+Os=",
        "type": "tarball",
        "url": "https://github.com/NixOS/nixpkgs/archive/fb192fec7cc7a4c26d51779e9bab07ce6fa5597a.tar.gz"
      },
      "original": {
        "type": "tarball",
        "url": "https://github.com/NixOS/nixpkgs/archive/fb192fec7cc7a4c26d51779e9bab07ce6fa5597a.tar.gz"
      }
    },
    "nixpkgs_2": {
      "locked": {
        "lastModified": 1728230938,
        "narHash": "sha256-gKRbxeGBUGLZd7QRHEP6PDyqU/qc/pd7U3KbY55SDTM=",
        "owner": "nixos",
        "repo": "nixpkgs",
        "rev": "85813b7cfeb12a87da5506035f73b5b18a0a50c3",
        "type": "github"
      },
      "original": {
        "owner": "nixos",
        "repo": "nixpkgs",
        "type": "github"
      }
    },
    "nixpkgs_3": {
      "locked": {
        "lastModified": 1728182355,
        "narHash": "sha256-RyQMxBhpaZfL0AqEyuiM8I7aAtxDVc9siAsNMY8WFTs=",
        "owner": "nixos",
        "repo": "nixpkgs",
        "rev": "7d49afd36b5590f023ec56809c02e05d8164fbc4",
        "type": "github"
      },
      "original": {
        "owner": "nixos",
        "ref": "nixpkgs-unstable",
        "repo": "nixpkgs",
        "type": "github"
      }
    },
    "nixpkgs_4": {
      "locked": {
        "lastModified": 1728230938,
        "narHash": "sha256-gKRbxeGBUGLZd7QRHEP6PDyqU/qc/pd7U3KbY55SDTM=",
        "owner": "nixos",
        "repo": "nixpkgs",
        "rev": "85813b7cfeb12a87da5506035f73b5b18a0a50c3",
        "type": "github"
      },
      "original": {
        "owner": "nixos",
        "repo": "nixpkgs",
        "type": "github"
      }
    },
    "playwright-nix": {
      "inputs": {
        "flake-parts": "flake-parts_2",
        "nixpkgs": "nixpkgs_3",
        "systems": "systems_3"
      },
      "locked": {
        "lastModified": 1,
        "narHash": "sha256-n+hH7abtJLAMmd0TeDlVW1wvQ0HOPNKXlRaSFt0215s=",
<<<<<<< HEAD
<<<<<<< HEAD
<<<<<<< HEAD
<<<<<<< HEAD
        "path": "/nix/store/7sr5p53qinawxadzmn1z68rgjshqb77j-source/flakes/playwright-nix",
        "type": "path"
      },
      "original": {
        "path": "/nix/store/7sr5p53qinawxadzmn1z68rgjshqb77j-source/flakes/playwright-nix",
        "type": "path"
      }
    },
    "python-app": {
      "inputs": {
        "flake-utils": "flake-utils_3",
        "nixpkgs": "nixpkgs_4"
      },
      "locked": {
        "lastModified": 1,
        "narHash": "sha256-ZLkCak/EtIy7xvURU6w0dUruE1f6ntUvv803mLz6g7s=",
        "path": "/nix/store/7sr5p53qinawxadzmn1z68rgjshqb77j-source/python-app",
        "type": "path"
      },
      "original": {
        "path": "/nix/store/7sr5p53qinawxadzmn1z68rgjshqb77j-source/python-app",
=======
        "path": "/nix/store/gpdm25hn7b0fswq0j850sia9v79xa2ir-source/flakes/playwright-nix",
        "type": "path"
      },
      "original": {
        "path": "/nix/store/gpdm25hn7b0fswq0j850sia9v79xa2ir-source/flakes/playwright-nix",
>>>>>>> 2d9bc40 (lock update)
=======
        "path": "/nix/store/wnszh4gwmxcwi39fffj769jqwc9a77f1-source/flakes/playwright-nix",
        "type": "path"
      },
      "original": {
        "path": "/nix/store/wnszh4gwmxcwi39fffj769jqwc9a77f1-source/flakes/playwright-nix",
>>>>>>> 5cf3b02 (add devshell)
=======
        "path": "/nix/store/bylgr9sl769gkyfil3490kpg53fwn621-source/flakes/playwright-nix",
        "type": "path"
      },
      "original": {
        "path": "/nix/store/bylgr9sl769gkyfil3490kpg53fwn621-source/flakes/playwright-nix",
>>>>>>> 00195f5 (use localtunnel)
=======
        "path": "/nix/store/yaw9w6mv3v7q3fbc5dhp35c82h1vyc8c-source/flakes/playwright-nix",
        "type": "path"
      },
      "original": {
        "path": "/nix/store/yaw9w6mv3v7q3fbc5dhp35c82h1vyc8c-source/flakes/playwright-nix",
>>>>>>> 4e9b948 (add port & subdomain as args)
        "type": "path"
      }
    },
    "root": {
      "inputs": {
        "flake-parts": "flake-parts",
        "flake-utils": "flake-utils",
        "myhello": "myhello",
        "nixpkgs": "nixpkgs_2",
        "playwright-nix": "playwright-nix",
        "python-app": "python-app"
      }
    },
    "systems": {
      "locked": {
        "lastModified": 1681028828,
        "narHash": "sha256-Vy1rq5AaRuLzOxct8nz4T6wlgyUR7zLU309k9mBC768=",
        "owner": "nix-systems",
        "repo": "default",
        "rev": "da67096a3b9bf56a91d16901293e51ba5b49a27e",
        "type": "github"
      },
      "original": {
        "owner": "nix-systems",
        "repo": "default",
        "type": "github"
      }
    },
    "systems_2": {
      "locked": {
        "lastModified": 1681028828,
        "narHash": "sha256-Vy1rq5AaRuLzOxct8nz4T6wlgyUR7zLU309k9mBC768=",
        "owner": "nix-systems",
        "repo": "default",
        "rev": "da67096a3b9bf56a91d16901293e51ba5b49a27e",
        "type": "github"
      },
      "original": {
        "owner": "nix-systems",
        "repo": "default",
        "type": "github"
      }
    },
    "systems_3": {
      "locked": {
        "lastModified": 1681028828,
        "narHash": "sha256-Vy1rq5AaRuLzOxct8nz4T6wlgyUR7zLU309k9mBC768=",
        "owner": "nix-systems",
        "repo": "default",
        "rev": "da67096a3b9bf56a91d16901293e51ba5b49a27e",
        "type": "github"
      },
      "original": {
        "owner": "nix-systems",
        "repo": "default",
        "type": "github"
      }
    },
    "systems_4": {
      "locked": {
        "lastModified": 1681028828,
        "narHash": "sha256-Vy1rq5AaRuLzOxct8nz4T6wlgyUR7zLU309k9mBC768=",
        "owner": "nix-systems",
        "repo": "default",
        "rev": "da67096a3b9bf56a91d16901293e51ba5b49a27e",
        "type": "github"
      },
      "original": {
        "owner": "nix-systems",
        "repo": "default",
        "type": "github"
      }
    }
  },
  "root": "root",
  "version": 7
}
